
Microsoft Visual Studio Solution File, Format Version 12.00
# Visual Studio Version 17
VisualStudioVersion = 17.4.33213.308
MinimumVisualStudioVersion = 10.0.40219.1
Project("{FAE04EC0-301F-11D3-BF4B-00C04F79EFBC}") = "pyReg", "pyReg\pyReg.csproj", "{C1F0BB05-A9F0-4EA2-873F-3158E3A30EC5}"
EndProject
Global
	GlobalSection(SolutionConfigurationPlatforms) = preSolution
		Debug|Any CPU = Debug|Any CPU
		Release|Any CPU = Release|Any CPU
	EndGlobalSection
	GlobalSection(ProjectConfigurationPlatforms) = postSolution
		{C1F0BB05-A9F0-4EA2-873F-3158E3A30EC5}.Debug|Any CPU.ActiveCfg = Debug|Any CPU
		{C1F0BB05-A9F0-4EA2-873F-3158E3A30EC5}.Debug|Any CPU.Build.0 = Debug|Any CPU
		{C1F0BB05-A9F0-4EA2-873F-3158E3A30EC5}.Release|Any CPU.ActiveCfg = Release|Any CPU
		{C1F0BB05-A9F0-4EA2-873F-3158E3A30EC5}.Release|Any CPU.Build.0 = Release|Any CPU
	EndGlobalSection
	GlobalSection(SolutionProperties) = preSolution
		HideSolutionNode = FALSE
	EndGlobalSection
	GlobalSection(ExtensibilityGlobals) = postSolution
		SolutionGuid = {B9862210-FB98-4123-9E86-3EB10B4C8509}
	EndGlobalSection
EndGlobal
